// !$*UTF8*$!
{
	archiveVersion = 1;
	classes = {
	};
	objectVersion = 52;
	objects = {

/* Begin PBXBuildFile section */
		FC0B0CEF25743E650077BC99 /* Word+CoreDataClass.swift in Sources */ = {isa = PBXBuildFile; fileRef = FC0B0CED25743E650077BC99 /* Word+CoreDataClass.swift */; };
		FC0B0CF025743E650077BC99 /* Word+CoreDataProperties.swift in Sources */ = {isa = PBXBuildFile; fileRef = FC0B0CEE25743E650077BC99 /* Word+CoreDataProperties.swift */; };
		FC43749825713B1A000C2FFA /* AppDelegate.swift in Sources */ = {isa = PBXBuildFile; fileRef = FC43749725713B1A000C2FFA /* AppDelegate.swift */; };
		FC43749A25713B1A000C2FFA /* SceneDelegate.swift in Sources */ = {isa = PBXBuildFile; fileRef = FC43749925713B1A000C2FFA /* SceneDelegate.swift */; };
		FC43749C25713B1A000C2FFA /* ViewController.swift in Sources */ = {isa = PBXBuildFile; fileRef = FC43749B25713B1A000C2FFA /* ViewController.swift */; };
		FC43749F25713B1A000C2FFA /* Main.storyboard in Resources */ = {isa = PBXBuildFile; fileRef = FC43749D25713B1A000C2FFA /* Main.storyboard */; };
		FC4374A225713B1A000C2FFA /* CorePhaseTwoA.xcdatamodeld in Sources */ = {isa = PBXBuildFile; fileRef = FC4374A025713B1A000C2FFA /* CorePhaseTwoA.xcdatamodeld */; };
		FC4374A425713B1A000C2FFA /* Assets.xcassets in Resources */ = {isa = PBXBuildFile; fileRef = FC4374A325713B1A000C2FFA /* Assets.xcassets */; };
		FC4374A725713B1A000C2FFA /* LaunchScreen.storyboard in Resources */ = {isa = PBXBuildFile; fileRef = FC4374A525713B1A000C2FFA /* LaunchScreen.storyboard */; };
		FC4374B025713D97000C2FFA /* JMdict_e.xml in Resources */ = {isa = PBXBuildFile; fileRef = FC4374AF25713D97000C2FFA /* JMdict_e.xml */; };
		FC5E506F25770DB400B1E305 /* WordError.swift in Sources */ = {isa = PBXBuildFile; fileRef = FC5E506E25770DB400B1E305 /* WordError.swift */; };
		FCB7ECF8257235C1004A2717 /* Romaji.swift in Sources */ = {isa = PBXBuildFile; fileRef = FCB7ECF7257235C1004A2717 /* Romaji.swift */; };
		FCB7ECFC257235E5004A2717 /* Deinflector.swift in Sources */ = {isa = PBXBuildFile; fileRef = FCB7ECFB257235E5004A2717 /* Deinflector.swift */; };
		FCB7ED002572366B004A2717 /* Regex in Frameworks */ = {isa = PBXBuildFile; productRef = FCB7ECFF2572366B004A2717 /* Regex */; };
		FCBB23F725760C7E00B56BC2 /* WordProperties.swift in Sources */ = {isa = PBXBuildFile; fileRef = FCBB23F625760C7E00B56BC2 /* WordProperties.swift */; };
		FCBB23FC2576270B00B56BC2 /* WordProvider.swift in Sources */ = {isa = PBXBuildFile; fileRef = FCBB23FB2576270B00B56BC2 /* WordProvider.swift */; };
/* End PBXBuildFile section */

/* Begin PBXFileReference section */
		FC0B0CE325743D2A0077BC99 /* 1.1.xcdatamodel */ = {isa = PBXFileReference; lastKnownFileType = wrapper.xcdatamodel; path = 1.1.xcdatamodel; sourceTree = "<group>"; };
		FC0B0CED25743E650077BC99 /* Word+CoreDataClass.swift */ = {isa = PBXFileReference; lastKnownFileType = sourcecode.swift; path = "Word+CoreDataClass.swift"; sourceTree = "<group>"; };
		FC0B0CEE25743E650077BC99 /* Word+CoreDataProperties.swift */ = {isa = PBXFileReference; lastKnownFileType = sourcecode.swift; path = "Word+CoreDataProperties.swift"; sourceTree = "<group>"; };
		FC43749425713B1A000C2FFA /* CorePhaseTwoA.app */ = {isa = PBXFileReference; explicitFileType = wrapper.application; includeInIndex = 0; path = CorePhaseTwoA.app; sourceTree = BUILT_PRODUCTS_DIR; };
		FC43749725713B1A000C2FFA /* AppDelegate.swift */ = {isa = PBXFileReference; lastKnownFileType = sourcecode.swift; path = AppDelegate.swift; sourceTree = "<group>"; };
		FC43749925713B1A000C2FFA /* SceneDelegate.swift */ = {isa = PBXFileReference; lastKnownFileType = sourcecode.swift; path = SceneDelegate.swift; sourceTree = "<group>"; };
		FC43749B25713B1A000C2FFA /* ViewController.swift */ = {isa = PBXFileReference; lastKnownFileType = sourcecode.swift; path = ViewController.swift; sourceTree = "<group>"; };
		FC43749E25713B1A000C2FFA /* Base */ = {isa = PBXFileReference; lastKnownFileType = file.storyboard; name = Base; path = Base.lproj/Main.storyboard; sourceTree = "<group>"; };
		FC4374A125713B1A000C2FFA /* CorePhaseTwoA.xcdatamodel */ = {isa = PBXFileReference; lastKnownFileType = wrapper.xcdatamodel; path = CorePhaseTwoA.xcdatamodel; sourceTree = "<group>"; };
		FC4374A325713B1A000C2FFA /* Assets.xcassets */ = {isa = PBXFileReference; lastKnownFileType = folder.assetcatalog; path = Assets.xcassets; sourceTree = "<group>"; };
		FC4374A625713B1A000C2FFA /* Base */ = {isa = PBXFileReference; lastKnownFileType = file.storyboard; name = Base; path = Base.lproj/LaunchScreen.storyboard; sourceTree = "<group>"; };
		FC4374A825713B1A000C2FFA /* Info.plist */ = {isa = PBXFileReference; lastKnownFileType = text.plist.xml; path = Info.plist; sourceTree = "<group>"; };
		FC4374AF25713D97000C2FFA /* JMdict_e.xml */ = {isa = PBXFileReference; fileEncoding = 4; lastKnownFileType = text.xml; name = JMdict_e.xml; path = ../../JMdict_e.xml; sourceTree = "<group>"; };
		FC5E506E25770DB400B1E305 /* WordError.swift */ = {isa = PBXFileReference; lastKnownFileType = sourcecode.swift; path = WordError.swift; sourceTree = "<group>"; };
		FCB7ECF7257235C1004A2717 /* Romaji.swift */ = {isa = PBXFileReference; lastKnownFileType = sourcecode.swift; path = Romaji.swift; sourceTree = "<group>"; };
		FCB7ECFB257235E5004A2717 /* Deinflector.swift */ = {isa = PBXFileReference; lastKnownFileType = sourcecode.swift; path = Deinflector.swift; sourceTree = "<group>"; };
		FCBB23F625760C7E00B56BC2 /* WordProperties.swift */ = {isa = PBXFileReference; lastKnownFileType = sourcecode.swift; path = WordProperties.swift; sourceTree = "<group>"; };
		FCBB23FB2576270B00B56BC2 /* WordProvider.swift */ = {isa = PBXFileReference; lastKnownFileType = sourcecode.swift; path = WordProvider.swift; sourceTree = "<group>"; };
/* End PBXFileReference section */

/* Begin PBXFrameworksBuildPhase section */
		FC43749125713B1A000C2FFA /* Frameworks */ = {
			isa = PBXFrameworksBuildPhase;
			buildActionMask = 2147483647;
			files = (
				FCB7ED002572366B004A2717 /* Regex in Frameworks */,
			);
			runOnlyForDeploymentPostprocessing = 0;
		};
/* End PBXFrameworksBuildPhase section */

/* Begin PBXGroup section */
		FC43748B25713B1A000C2FFA = {
			isa = PBXGroup;
			children = (
				FC43749625713B1A000C2FFA /* CorePhaseTwoA */,
				FC43749525713B1A000C2FFA /* Products */,
			);
			sourceTree = "<group>";
		};
		FC43749525713B1A000C2FFA /* Products */ = {
			isa = PBXGroup;
			children = (
				FC43749425713B1A000C2FFA /* CorePhaseTwoA.app */,
			);
			name = Products;
			sourceTree = "<group>";
		};
		FC43749625713B1A000C2FFA /* CorePhaseTwoA */ = {
			isa = PBXGroup;
			children = (
				FCBB23F925760C8500B56BC2 /* Shared */,
				FCB7ECF62572355F004A2717 /* Dictionary Decode */,
				FC43749B25713B1A000C2FFA /* ViewController.swift */,
				FC43749725713B1A000C2FFA /* AppDelegate.swift */,
				FC43749925713B1A000C2FFA /* SceneDelegate.swift */,
				FC43749D25713B1A000C2FFA /* Main.storyboard */,
				FC4374A325713B1A000C2FFA /* Assets.xcassets */,
				FC4374A525713B1A000C2FFA /* LaunchScreen.storyboard */,
				FC4374A825713B1A000C2FFA /* Info.plist */,
				FC4374A025713B1A000C2FFA /* CorePhaseTwoA.xcdatamodeld */,
				FC4374AF25713D97000C2FFA /* JMdict_e.xml */,
			);
			path = CorePhaseTwoA;
			sourceTree = "<group>";
		};
		FCB7ECF62572355F004A2717 /* Dictionary Decode */ = {
			isa = PBXGroup;
			children = (
				FCB7ECF7257235C1004A2717 /* Romaji.swift */,
				FCB7ECFB257235E5004A2717 /* Deinflector.swift */,
			);
			path = "Dictionary Decode";
			sourceTree = "<group>";
		};
		FCBB23F925760C8500B56BC2 /* Shared */ = {
			isa = PBXGroup;
			children = (
				FCBB23F625760C7E00B56BC2 /* WordProperties.swift */,
				FCBB23FB2576270B00B56BC2 /* WordProvider.swift */,
				FC0B0CED25743E650077BC99 /* Word+CoreDataClass.swift */,
				FC0B0CEE25743E650077BC99 /* Word+CoreDataProperties.swift */,
				FC5E506E25770DB400B1E305 /* WordError.swift */,
			);
			path = Shared;
			sourceTree = "<group>";
		};
/* End PBXGroup section */

/* Begin PBXNativeTarget section */
		FC43749325713B1A000C2FFA /* CorePhaseTwoA */ = {
			isa = PBXNativeTarget;
			buildConfigurationList = FC4374AB25713B1A000C2FFA /* Build configuration list for PBXNativeTarget "CorePhaseTwoA" */;
			buildPhases = (
				FC43749025713B1A000C2FFA /* Sources */,
				FC43749125713B1A000C2FFA /* Frameworks */,
				FC43749225713B1A000C2FFA /* Resources */,
			);
			buildRules = (
			);
			dependencies = (
			);
			name = CorePhaseTwoA;
			packageProductDependencies = (
				FCB7ECFF2572366B004A2717 /* Regex */,
			);
			productName = CorePhaseTwoA;
			productReference = FC43749425713B1A000C2FFA /* CorePhaseTwoA.app */;
			productType = "com.apple.product-type.application";
		};
/* End PBXNativeTarget section */

/* Begin PBXProject section */
		FC43748C25713B1A000C2FFA /* Project object */ = {
			isa = PBXProject;
			attributes = {
				LastSwiftUpdateCheck = 1210;
				LastUpgradeCheck = 1210;
				TargetAttributes = {
					FC43749325713B1A000C2FFA = {
						CreatedOnToolsVersion = 12.1;
					};
				};
			};
			buildConfigurationList = FC43748F25713B1A000C2FFA /* Build configuration list for PBXProject "CorePhaseTwoA" */;
			compatibilityVersion = "Xcode 9.3";
			developmentRegion = en;
			hasScannedForEncodings = 0;
			knownRegions = (
				en,
				Base,
			);
			mainGroup = FC43748B25713B1A000C2FFA;
			packageReferences = (
				FCB7ECFE2572366B004A2717 /* XCRemoteSwiftPackageReference "Regex" */,
			);
			productRefGroup = FC43749525713B1A000C2FFA /* Products */;
			projectDirPath = "";
			projectRoot = "";
			targets = (
				FC43749325713B1A000C2FFA /* CorePhaseTwoA */,
			);
		};
/* End PBXProject section */

/* Begin PBXResourcesBuildPhase section */
		FC43749225713B1A000C2FFA /* Resources */ = {
			isa = PBXResourcesBuildPhase;
			buildActionMask = 2147483647;
			files = (
				FC4374A725713B1A000C2FFA /* LaunchScreen.storyboard in Resources */,
				FC4374A425713B1A000C2FFA /* Assets.xcassets in Resources */,
				FC4374B025713D97000C2FFA /* JMdict_e.xml in Resources */,
				FC43749F25713B1A000C2FFA /* Main.storyboard in Resources */,
			);
			runOnlyForDeploymentPostprocessing = 0;
		};
/* End PBXResourcesBuildPhase section */

/* Begin PBXSourcesBuildPhase section */
		FC43749025713B1A000C2FFA /* Sources */ = {
			isa = PBXSourcesBuildPhase;
			buildActionMask = 2147483647;
			files = (
				FC43749C25713B1A000C2FFA /* ViewController.swift in Sources */,
				FCB7ECF8257235C1004A2717 /* Romaji.swift in Sources */,
				FCB7ECFC257235E5004A2717 /* Deinflector.swift in Sources */,
				FC0B0CEF25743E650077BC99 /* Word+CoreDataClass.swift in Sources */,
				FCBB23FC2576270B00B56BC2 /* WordProvider.swift in Sources */,
				FC43749825713B1A000C2FFA /* AppDelegate.swift in Sources */,
				FC5E506F25770DB400B1E305 /* WordError.swift in Sources */,
				FC43749A25713B1A000C2FFA /* SceneDelegate.swift in Sources */,
				FC4374A225713B1A000C2FFA /* CorePhaseTwoA.xcdatamodeld in Sources */,
				FCBB23F725760C7E00B56BC2 /* WordProperties.swift in Sources */,
				FC0B0CF025743E650077BC99 /* Word+CoreDataProperties.swift in Sources */,
			);
			runOnlyForDeploymentPostprocessing = 0;
		};
/* End PBXSourcesBuildPhase section */

/* Begin PBXVariantGroup section */
		FC43749D25713B1A000C2FFA /* Main.storyboard */ = {
			isa = PBXVariantGroup;
			children = (
				FC43749E25713B1A000C2FFA /* Base */,
			);
			name = Main.storyboard;
			sourceTree = "<group>";
		};
		FC4374A525713B1A000C2FFA /* LaunchScreen.storyboard */ = {
			isa = PBXVariantGroup;
			children = (
				FC4374A625713B1A000C2FFA /* Base */,
			);
			name = LaunchScreen.storyboard;
			sourceTree = "<group>";
		};
/* End PBXVariantGroup section */

/* Begin XCBuildConfiguration section */
		FC4374A925713B1A000C2FFA /* Debug */ = {
			isa = XCBuildConfiguration;
			buildSettings = {
				ALWAYS_SEARCH_USER_PATHS = NO;
				CLANG_ANALYZER_NONNULL = YES;
				CLANG_ANALYZER_NUMBER_OBJECT_CONVERSION = YES_AGGRESSIVE;
				CLANG_CXX_LANGUAGE_STANDARD = "gnu++14";
				CLANG_CXX_LIBRARY = "libc++";
				CLANG_ENABLE_MODULES = YES;
				CLANG_ENABLE_OBJC_ARC = YES;
				CLANG_ENABLE_OBJC_WEAK = YES;
				CLANG_WARN_BLOCK_CAPTURE_AUTORELEASING = YES;
				CLANG_WARN_BOOL_CONVERSION = YES;
				CLANG_WARN_COMMA = YES;
				CLANG_WARN_CONSTANT_CONVERSION = YES;
				CLANG_WARN_DEPRECATED_OBJC_IMPLEMENTATIONS = YES;
				CLANG_WARN_DIRECT_OBJC_ISA_USAGE = YES_ERROR;
				CLANG_WARN_DOCUMENTATION_COMMENTS = YES;
				CLANG_WARN_EMPTY_BODY = YES;
				CLANG_WARN_ENUM_CONVERSION = YES;
				CLANG_WARN_INFINITE_RECURSION = YES;
				CLANG_WARN_INT_CONVERSION = YES;
				CLANG_WARN_NON_LITERAL_NULL_CONVERSION = YES;
				CLANG_WARN_OBJC_IMPLICIT_RETAIN_SELF = YES;
				CLANG_WARN_OBJC_LITERAL_CONVERSION = YES;
				CLANG_WARN_OBJC_ROOT_CLASS = YES_ERROR;
				CLANG_WARN_QUOTED_INCLUDE_IN_FRAMEWORK_HEADER = YES;
				CLANG_WARN_RANGE_LOOP_ANALYSIS = YES;
				CLANG_WARN_STRICT_PROTOTYPES = YES;
				CLANG_WARN_SUSPICIOUS_MOVE = YES;
				CLANG_WARN_UNGUARDED_AVAILABILITY = YES_AGGRESSIVE;
				CLANG_WARN_UNREACHABLE_CODE = YES;
				CLANG_WARN__DUPLICATE_METHOD_MATCH = YES;
				COPY_PHASE_STRIP = NO;
				DEBUG_INFORMATION_FORMAT = dwarf;
				ENABLE_STRICT_OBJC_MSGSEND = YES;
				ENABLE_TESTABILITY = YES;
				GCC_C_LANGUAGE_STANDARD = gnu11;
				GCC_DYNAMIC_NO_PIC = NO;
				GCC_NO_COMMON_BLOCKS = YES;
				GCC_OPTIMIZATION_LEVEL = 0;
				GCC_PREPROCESSOR_DEFINITIONS = (
					"DEBUG=1",
					"$(inherited)",
				);
				GCC_WARN_64_TO_32_BIT_CONVERSION = YES;
				GCC_WARN_ABOUT_RETURN_TYPE = YES_ERROR;
				GCC_WARN_UNDECLARED_SELECTOR = YES;
				GCC_WARN_UNINITIALIZED_AUTOS = YES_AGGRESSIVE;
				GCC_WARN_UNUSED_FUNCTION = YES;
				GCC_WARN_UNUSED_VARIABLE = YES;
				IPHONEOS_DEPLOYMENT_TARGET = 14.1;
				MTL_ENABLE_DEBUG_INFO = INCLUDE_SOURCE;
				MTL_FAST_MATH = YES;
				ONLY_ACTIVE_ARCH = YES;
				SDKROOT = iphoneos;
				SWIFT_ACTIVE_COMPILATION_CONDITIONS = DEBUG;
				SWIFT_OPTIMIZATION_LEVEL = "-Onone";
			};
			name = Debug;
		};
		FC4374AA25713B1A000C2FFA /* Release */ = {
			isa = XCBuildConfiguration;
			buildSettings = {
				ALWAYS_SEARCH_USER_PATHS = NO;
				CLANG_ANALYZER_NONNULL = YES;
				CLANG_ANALYZER_NUMBER_OBJECT_CONVERSION = YES_AGGRESSIVE;
				CLANG_CXX_LANGUAGE_STANDARD = "gnu++14";
				CLANG_CXX_LIBRARY = "libc++";
				CLANG_ENABLE_MODULES = YES;
				CLANG_ENABLE_OBJC_ARC = YES;
				CLANG_ENABLE_OBJC_WEAK = YES;
				CLANG_WARN_BLOCK_CAPTURE_AUTORELEASING = YES;
				CLANG_WARN_BOOL_CONVERSION = YES;
				CLANG_WARN_COMMA = YES;
				CLANG_WARN_CONSTANT_CONVERSION = YES;
				CLANG_WARN_DEPRECATED_OBJC_IMPLEMENTATIONS = YES;
				CLANG_WARN_DIRECT_OBJC_ISA_USAGE = YES_ERROR;
				CLANG_WARN_DOCUMENTATION_COMMENTS = YES;
				CLANG_WARN_EMPTY_BODY = YES;
				CLANG_WARN_ENUM_CONVERSION = YES;
				CLANG_WARN_INFINITE_RECURSION = YES;
				CLANG_WARN_INT_CONVERSION = YES;
				CLANG_WARN_NON_LITERAL_NULL_CONVERSION = YES;
				CLANG_WARN_OBJC_IMPLICIT_RETAIN_SELF = YES;
				CLANG_WARN_OBJC_LITERAL_CONVERSION = YES;
				CLANG_WARN_OBJC_ROOT_CLASS = YES_ERROR;
				CLANG_WARN_QUOTED_INCLUDE_IN_FRAMEWORK_HEADER = YES;
				CLANG_WARN_RANGE_LOOP_ANALYSIS = YES;
				CLANG_WARN_STRICT_PROTOTYPES = YES;
				CLANG_WARN_SUSPICIOUS_MOVE = YES;
				CLANG_WARN_UNGUARDED_AVAILABILITY = YES_AGGRESSIVE;
				CLANG_WARN_UNREACHABLE_CODE = YES;
				CLANG_WARN__DUPLICATE_METHOD_MATCH = YES;
				COPY_PHASE_STRIP = NO;
				DEBUG_INFORMATION_FORMAT = "dwarf-with-dsym";
				ENABLE_NS_ASSERTIONS = NO;
				ENABLE_STRICT_OBJC_MSGSEND = YES;
				GCC_C_LANGUAGE_STANDARD = gnu11;
				GCC_NO_COMMON_BLOCKS = YES;
				GCC_WARN_64_TO_32_BIT_CONVERSION = YES;
				GCC_WARN_ABOUT_RETURN_TYPE = YES_ERROR;
				GCC_WARN_UNDECLARED_SELECTOR = YES;
				GCC_WARN_UNINITIALIZED_AUTOS = YES_AGGRESSIVE;
				GCC_WARN_UNUSED_FUNCTION = YES;
				GCC_WARN_UNUSED_VARIABLE = YES;
				IPHONEOS_DEPLOYMENT_TARGET = 14.1;
				MTL_ENABLE_DEBUG_INFO = NO;
				MTL_FAST_MATH = YES;
				SDKROOT = iphoneos;
				SWIFT_COMPILATION_MODE = wholemodule;
				SWIFT_OPTIMIZATION_LEVEL = "-O";
				VALIDATE_PRODUCT = YES;
			};
			name = Release;
		};
		FC4374AC25713B1A000C2FFA /* Debug */ = {
			isa = XCBuildConfiguration;
			buildSettings = {
				ASSETCATALOG_COMPILER_APPICON_NAME = AppIcon;
				ASSETCATALOG_COMPILER_GLOBAL_ACCENT_COLOR_NAME = AccentColor;
				CODE_SIGN_STYLE = Automatic;
				DEVELOPMENT_TEAM = 78P23Y8JUA;
				INFOPLIST_FILE = CorePhaseTwoA/Info.plist;
				LD_RUNPATH_SEARCH_PATHS = (
					"$(inherited)",
					"@executable_path/Frameworks",
				);
				PRODUCT_BUNDLE_IDENTIFIER = YG.CorePhaseTwoA;
				PRODUCT_NAME = "$(TARGET_NAME)";
				SWIFT_VERSION = 5.0;
				TARGETED_DEVICE_FAMILY = "1,2";
			};
			name = Debug;
		};
		FC4374AD25713B1A000C2FFA /* Release */ = {
			isa = XCBuildConfiguration;
			buildSettings = {
				ASSETCATALOG_COMPILER_APPICON_NAME = AppIcon;
				ASSETCATALOG_COMPILER_GLOBAL_ACCENT_COLOR_NAME = AccentColor;
				CODE_SIGN_STYLE = Automatic;
				DEVELOPMENT_TEAM = 78P23Y8JUA;
				INFOPLIST_FILE = CorePhaseTwoA/Info.plist;
				LD_RUNPATH_SEARCH_PATHS = (
					"$(inherited)",
					"@executable_path/Frameworks",
				);
				PRODUCT_BUNDLE_IDENTIFIER = YG.CorePhaseTwoA;
				PRODUCT_NAME = "$(TARGET_NAME)";
				SWIFT_VERSION = 5.0;
				TARGETED_DEVICE_FAMILY = "1,2";
			};
			name = Release;
		};
/* End XCBuildConfiguration section */

/* Begin XCConfigurationList section */
		FC43748F25713B1A000C2FFA /* Build configuration list for PBXProject "CorePhaseTwoA" */ = {
			isa = XCConfigurationList;
			buildConfigurations = (
				FC4374A925713B1A000C2FFA /* Debug */,
				FC4374AA25713B1A000C2FFA /* Release */,
			);
			defaultConfigurationIsVisible = 0;
			defaultConfigurationName = Release;
		};
		FC4374AB25713B1A000C2FFA /* Build configuration list for PBXNativeTarget "CorePhaseTwoA" */ = {
			isa = XCConfigurationList;
			buildConfigurations = (
				FC4374AC25713B1A000C2FFA /* Debug */,
				FC4374AD25713B1A000C2FFA /* Release */,
			);
			defaultConfigurationIsVisible = 0;
			defaultConfigurationName = Release;
		};
/* End XCConfigurationList section */

/* Begin XCRemoteSwiftPackageReference section */
		FCB7ECFE2572366B004A2717 /* XCRemoteSwiftPackageReference "Regex" */ = {
			isa = XCRemoteSwiftPackageReference;
			repositoryURL = "https://github.com/sharplet/Regex.git";
			requirement = {
				kind = upToNextMajorVersion;
				minimumVersion = 2.1.1;
			};
		};
/* End XCRemoteSwiftPackageReference section */

/* Begin XCSwiftPackageProductDependency section */
		FCB7ECFF2572366B004A2717 /* Regex */ = {
			isa = XCSwiftPackageProductDependency;
			package = FCB7ECFE2572366B004A2717 /* XCRemoteSwiftPackageReference "Regex" */;
			productName = Regex;
		};
/* End XCSwiftPackageProductDependency section */

/* Begin XCVersionGroup section */
		FC4374A025713B1A000C2FFA /* CorePhaseTwoA.xcdatamodeld */ = {
			isa = XCVersionGroup;
			children = (
				FC0B0CE325743D2A0077BC99 /* 1.1.xcdatamodel */,
				FC4374A125713B1A000C2FFA /* CorePhaseTwoA.xcdatamodel */,
			);
			currentVersion = FC0B0CE325743D2A0077BC99 /* 1.1.xcdatamodel */;
			path = CorePhaseTwoA.xcdatamodeld;
			sourceTree = "<group>";
			versionGroupType = wrapper.xcdatamodel;
		};
/* End XCVersionGroup section */
	};
	rootObject = FC43748C25713B1A000C2FFA /* Project object */;
}
